
Microsoft Visual Studio Solution File, Format Version 12.00
# Visual Studio 15
VisualStudioVersion = 15.0.28307.168
MinimumVisualStudioVersion = 10.0.40219.1
Project("{FAE04EC0-301F-11D3-BF4B-00C04F79EFBC}") = "Sri Lanka Road And Traffic Rules", "Sri Lanka Road And Traffic Rules\Sri Lanka Road And Traffic Rules.csproj", "{2511936D-CF7C-4366-91E7-2A1B013576E9}"
EndProject
Global
	GlobalSection(SolutionConfigurationPlatforms) = preSolution
		Debug|Any CPU = Debug|Any CPU
		Release|Any CPU = Release|Any CPU
	EndGlobalSection
	GlobalSection(ProjectConfigurationPlatforms) = postSolution
		{2511936D-CF7C-4366-91E7-2A1B013576E9}.Debug|Any CPU.ActiveCfg = Debug|Any CPU
		{2511936D-CF7C-4366-91E7-2A1B013576E9}.Debug|Any CPU.Build.0 = Debug|Any CPU
		{2511936D-CF7C-4366-91E7-2A1B013576E9}.Release|Any CPU.ActiveCfg = Release|Any CPU
		{2511936D-CF7C-4366-91E7-2A1B013576E9}.Release|Any CPU.Build.0 = Release|Any CPU
	EndGlobalSection
	GlobalSection(SolutionProperties) = preSolution
		HideSolutionNode = FALSE
	EndGlobalSection
	GlobalSection(ExtensibilityGlobals) = postSolution
		SolutionGuid = {FA094411-EC16-4ECB-B795-16D6A11CCC59}
	EndGlobalSection
EndGlobal
